
Microsoft Visual Studio Solution File, Format Version 12.00
# Visual Studio Version 17
VisualStudioVersion = 17.5.33516.290
MinimumVisualStudioVersion = 10.0.40219.1
Project("{FAE04EC0-301F-11D3-BF4B-00C04F79EFBC}") = "StratenAanzet.StartUp", "StratenAanzet.StartUp\StratenAanzet.StartUp.csproj", "{51A38647-808F-448B-8E9D-F335C4520BD7}"
EndProject
Project("{FAE04EC0-301F-11D3-BF4B-00C04F79EFBC}") = "StratenAanzet.Cui", "StratenAanzet.Cui\StratenAanzet.Cui.csproj", "{EC918ABC-2A44-482A-9070-83F88A772DB6}"
EndProject
Project("{FAE04EC0-301F-11D3-BF4B-00C04F79EFBC}") = "StratenAanzet.Domain", "StratenAanzet.Domain\StratenAanzet.Domain.csproj", "{EA478DB1-8BAE-423C-BCE2-70B8586746F7}"
EndProject
Global
	GlobalSection(SolutionConfigurationPlatforms) = preSolution
		Debug|Any CPU = Debug|Any CPU
		Release|Any CPU = Release|Any CPU
	EndGlobalSection
	GlobalSection(ProjectConfigurationPlatforms) = postSolution
		{51A38647-808F-448B-8E9D-F335C4520BD7}.Debug|Any CPU.ActiveCfg = Debug|Any CPU
		{51A38647-808F-448B-8E9D-F335C4520BD7}.Debug|Any CPU.Build.0 = Debug|Any CPU
		{51A38647-808F-448B-8E9D-F335C4520BD7}.Release|Any CPU.ActiveCfg = Release|Any CPU
		{51A38647-808F-448B-8E9D-F335C4520BD7}.Release|Any CPU.Build.0 = Release|Any CPU
		{EC918ABC-2A44-482A-9070-83F88A772DB6}.Debug|Any CPU.ActiveCfg = Debug|Any CPU
		{EC918ABC-2A44-482A-9070-83F88A772DB6}.Debug|Any CPU.Build.0 = Debug|Any CPU
		{EC918ABC-2A44-482A-9070-83F88A772DB6}.Release|Any CPU.ActiveCfg = Release|Any CPU
		{EC918ABC-2A44-482A-9070-83F88A772DB6}.Release|Any CPU.Build.0 = Release|Any CPU
		{EA478DB1-8BAE-423C-BCE2-70B8586746F7}.Debug|Any CPU.ActiveCfg = Debug|Any CPU
		{EA478DB1-8BAE-423C-BCE2-70B8586746F7}.Debug|Any CPU.Build.0 = Debug|Any CPU
		{EA478DB1-8BAE-423C-BCE2-70B8586746F7}.Release|Any CPU.ActiveCfg = Release|Any CPU
		{EA478DB1-8BAE-423C-BCE2-70B8586746F7}.Release|Any CPU.Build.0 = Release|Any CPU
	EndGlobalSection
	GlobalSection(SolutionProperties) = preSolution
		HideSolutionNode = FALSE
	EndGlobalSection
	GlobalSection(ExtensibilityGlobals) = postSolution
		SolutionGuid = {01742193-94A5-4F84-9BD1-1DBE0EAB2A30}
	EndGlobalSection
EndGlobal
